{
  "requires": true,
  "lockfileVersion": 1,
  "dependencies": {
    "luch-request": {
      "version": "3.0.4",
      "resolved": "https://registry.npmjs.org/luch-request/-/luch-request-3.0.4.tgz",
      "integrity": "sha512-0EHgbelLh62g2ddJcSdCE3Y3+lOKo0EpW6nT+nmEWOfMb79kqiqb0H7ytHoLAEJx1cwyrerlPLCHivMRhBUrhg=="
    },
    "uview-ui": {
      "version": "1.8.3",
      "resolved": "https://registry.npmjs.org/uview-ui/-/uview-ui-1.8.3.tgz",
      "integrity": "sha512-DqKc+qRrOZLPcyfWv4b0HspSS9n1Cd6BbgKiYEv9rjTAnWoqJV7rXsvWqZdr5iKGP5EMNbNS741GLNw4sIHbpw=="
    },
    "vuex": {
      "version": "3.6.0",
      "resolved": "https://registry.npmjs.org/vuex/-/vuex-3.6.0.tgz",
      "integrity": "sha512-W74OO2vCJPs9/YjNjW8lLbj+jzT24waTo2KShI8jLvJW8OaIkgb3wuAMA7D+ZiUxDOx3ubwSZTaJBip9G8a3aQ=="
    }
  }
}
